
Microsoft Visual Studio Solution File, Format Version 12.00
# Visual Studio Version 17
VisualStudioVersion = 17.8.34322.80
MinimumVisualStudioVersion = 10.0.40219.1
Project("{FAE04EC0-301F-11D3-BF4B-00C04F79EFBC}") = "WinFormsAppEstruturaControle", "WinFormsAppEstruturaControle.csproj", "{6997A705-66EF-4746-B5F2-E4D7CEE6BBCC}"
EndProject
Global
	GlobalSection(SolutionConfigurationPlatforms) = preSolution
		Debug|Any CPU = Debug|Any CPU
		Release|Any CPU = Release|Any CPU
	EndGlobalSection
	GlobalSection(ProjectConfigurationPlatforms) = postSolution
		{6997A705-66EF-4746-B5F2-E4D7CEE6BBCC}.Debug|Any CPU.ActiveCfg = Debug|Any CPU
		{6997A705-66EF-4746-B5F2-E4D7CEE6BBCC}.Debug|Any CPU.Build.0 = Debug|Any CPU
		{6997A705-66EF-4746-B5F2-E4D7CEE6BBCC}.Release|Any CPU.ActiveCfg = Release|Any CPU
		{6997A705-66EF-4746-B5F2-E4D7CEE6BBCC}.Release|Any CPU.Build.0 = Release|Any CPU
	EndGlobalSection
	GlobalSection(SolutionProperties) = preSolution
		HideSolutionNode = FALSE
	EndGlobalSection
	GlobalSection(ExtensibilityGlobals) = postSolution
		SolutionGuid = {19878191-211E-4F14-97D2-58496264EF82}
	EndGlobalSection
EndGlobal
